# This file is autogenerated, do not edit; changes may be undone by the next 'dep ensure'.


[[projects]]
  branch = "master"
  name = "github.com/Shopify/go-lua"
  packages = ["."]
  revision = "d97add4bf105cd6563db108af5a58dbce10337ae"

[[projects]]
  name = "github.com/davecgh/go-spew"
  packages = ["spew"]
  revision = "346938d642f2ec3594ed81d874461961cd0faa76"
  version = "v1.1.0"

[[projects]]
  branch = "next"
  name = "github.com/niolabs/gonio-framework"
  packages = [
    ".",
    "mixins",
    "props",
    "props/parser",
    "stdlib"
  ]
  revision = "29d1550fd90875ec32aa30fa9905f80192902379"

[[projects]]
  name = "github.com/pmezard/go-difflib"
  packages = ["difflib"]
  revision = "792786c7400a136282c1664665ae0a8db921c6c2"
  version = "v1.0.0"

[[projects]]
  name = "github.com/stretchr/testify"
  packages = ["assert"]
  revision = "f35b8ab0b5a2cef36673838d662e249dd9c94686"
  version = "v1.2.2"

[solve-meta]
  analyzer-name = "dep"
  analyzer-version = 1
  inputs-digest = "b55e104062512cc3bd873c24a4dd122cfdd1893705343b32c4ab135944b79897"
  solver-name = "gps-cdcl"
  solver-version = 1
