# This file is autogenerated, do not edit; changes may be undone by the next 'dep ensure'.


[[projects]]
  branch = "master"
  name = "github.com/Shopify/go-lua"
  packages = ["."]
  revision = "d97add4bf105cd6563db108af5a58dbce10337ae"

[[projects]]
  branch = "next"
  name = "github.com/niolabs/gonio-framework"
  packages = [
    ".",
    "props",
    "props/parser"
  ]
  revision = "29d1550fd90875ec32aa30fa9905f80192902379"

[[projects]]
  branch = "master"
  name = "golang.org/x/exp"
  packages = [
    "io/i2c",
    "io/i2c/driver"
  ]
  revision = "a29023df6a8ed10a250c15f063d79891cb1aa862"

[solve-meta]
  analyzer-name = "dep"
  analyzer-version = 1
  inputs-digest = "65bff3568b25bee2673062e651cc5792771b2a698bbb6fbfa6d6bbccbca5c770"
  solver-name = "gps-cdcl"
  solver-version = 1
