# This file is autogenerated, do not edit; changes may be undone by the next 'dep ensure'.


[[projects]]
  branch = "next"
  name = "github.com/niolabs/gonio-framework"
  packages = ["."]
  revision = "29d1550fd90875ec32aa30fa9905f80192902379"

[[projects]]
  branch = "master"
  name = "golang.org/x/exp"
  packages = [
    "io/i2c",
    "io/i2c/driver",
    "io/spi/driver"
  ]
  revision = "a29023df6a8ed10a250c15f063d79891cb1aa862"

[solve-meta]
  analyzer-name = "dep"
  analyzer-version = 1
  inputs-digest = "3fd4ec80cd32de15bac0deede65670dc0623c20eda548ce19e2a89c5464c8e88"
  solver-name = "gps-cdcl"
  solver-version = 1
